
Microsoft Visual Studio Solution File, Format Version 12.00
# Visual Studio Version 17
VisualStudioVersion = 17.5.33530.505
MinimumVisualStudioVersion = 10.0.40219.1
Project("{9A19103F-16F7-4668-BE54-9A1E7A4F7556}") = "HttpServerMock", "HttpServerMock\HttpServerMock.csproj", "{2B3C555A-F62F-408D-BC3D-715F324C6D61}"
EndProject
Project("{9A19103F-16F7-4668-BE54-9A1E7A4F7556}") = "HttpServerMock.Core", "HttpServerMock.Core\HttpServerMock.Core.csproj", "{45863129-9F24-439A-9198-02188D2A441B}"
EndProject
Project("{9A19103F-16F7-4668-BE54-9A1E7A4F7556}") = "HttpServerMock.Core.Fluent", "HttpServerMock.Core.Fluent\HttpServerMock.Core.Fluent.csproj", "{1C413387-A9C6-49CA-A8D0-525DEFCA8A2E}"
EndProject
Project("{2150E333-8FDC-42A3-9474-1A3956D46DE8}") = "UnitTests", "UnitTests", "{2E5AA642-9CE0-4197-9907-11F77807102A}"
EndProject
Project("{FAE04EC0-301F-11D3-BF4B-00C04F79EFBC}") = "HttpServerMock.ContentType", "HttpServerMock.ContentType\HttpServerMock.ContentType.csproj", "{CDE8B4D7-B978-40FD-A292-03DB77FF59FE}"
EndProject
Project("{FAE04EC0-301F-11D3-BF4B-00C04F79EFBC}") = "HttpServerMock.Http", "HttpServerMock.Http\HttpServerMock.Http.csproj", "{E51BD136-BA44-4A8F-ADE0-73B653447C1E}"
EndProject
Project("{FAE04EC0-301F-11D3-BF4B-00C04F79EFBC}") = "HttpServerMock.Https", "HttpServerMock.Https\HttpServerMock.Https.csproj", "{232A1D84-9C97-4352-99B7-43AB03F667C2}"
EndProject
Project("{2150E333-8FDC-42A3-9474-1A3956D46DE8}") = "Core", "Core", "{0D14E793-3E4E-4AD6-90A7-EA54F5670827}"
EndProject
Global
	GlobalSection(SolutionConfigurationPlatforms) = preSolution
		Debug|Any CPU = Debug|Any CPU
		Release|Any CPU = Release|Any CPU
	EndGlobalSection
	GlobalSection(ProjectConfigurationPlatforms) = postSolution
		{2B3C555A-F62F-408D-BC3D-715F324C6D61}.Debug|Any CPU.ActiveCfg = Debug|Any CPU
		{2B3C555A-F62F-408D-BC3D-715F324C6D61}.Debug|Any CPU.Build.0 = Debug|Any CPU
		{2B3C555A-F62F-408D-BC3D-715F324C6D61}.Release|Any CPU.ActiveCfg = Release|Any CPU
		{2B3C555A-F62F-408D-BC3D-715F324C6D61}.Release|Any CPU.Build.0 = Release|Any CPU
		{45863129-9F24-439A-9198-02188D2A441B}.Debug|Any CPU.ActiveCfg = Debug|Any CPU
		{45863129-9F24-439A-9198-02188D2A441B}.Debug|Any CPU.Build.0 = Debug|Any CPU
		{45863129-9F24-439A-9198-02188D2A441B}.Release|Any CPU.ActiveCfg = Release|Any CPU
		{45863129-9F24-439A-9198-02188D2A441B}.Release|Any CPU.Build.0 = Release|Any CPU
		{1C413387-A9C6-49CA-A8D0-525DEFCA8A2E}.Debug|Any CPU.ActiveCfg = Debug|Any CPU
		{1C413387-A9C6-49CA-A8D0-525DEFCA8A2E}.Debug|Any CPU.Build.0 = Debug|Any CPU
		{1C413387-A9C6-49CA-A8D0-525DEFCA8A2E}.Release|Any CPU.ActiveCfg = Release|Any CPU
		{1C413387-A9C6-49CA-A8D0-525DEFCA8A2E}.Release|Any CPU.Build.0 = Release|Any CPU
		{CDE8B4D7-B978-40FD-A292-03DB77FF59FE}.Debug|Any CPU.ActiveCfg = Debug|Any CPU
		{CDE8B4D7-B978-40FD-A292-03DB77FF59FE}.Debug|Any CPU.Build.0 = Debug|Any CPU
		{CDE8B4D7-B978-40FD-A292-03DB77FF59FE}.Release|Any CPU.ActiveCfg = Release|Any CPU
		{CDE8B4D7-B978-40FD-A292-03DB77FF59FE}.Release|Any CPU.Build.0 = Release|Any CPU
		{E51BD136-BA44-4A8F-ADE0-73B653447C1E}.Debug|Any CPU.ActiveCfg = Debug|Any CPU
		{E51BD136-BA44-4A8F-ADE0-73B653447C1E}.Debug|Any CPU.Build.0 = Debug|Any CPU
		{E51BD136-BA44-4A8F-ADE0-73B653447C1E}.Release|Any CPU.ActiveCfg = Release|Any CPU
		{E51BD136-BA44-4A8F-ADE0-73B653447C1E}.Release|Any CPU.Build.0 = Release|Any CPU
		{232A1D84-9C97-4352-99B7-43AB03F667C2}.Debug|Any CPU.ActiveCfg = Debug|Any CPU
		{232A1D84-9C97-4352-99B7-43AB03F667C2}.Debug|Any CPU.Build.0 = Debug|Any CPU
		{232A1D84-9C97-4352-99B7-43AB03F667C2}.Release|Any CPU.ActiveCfg = Release|Any CPU
		{232A1D84-9C97-4352-99B7-43AB03F667C2}.Release|Any CPU.Build.0 = Release|Any CPU
	EndGlobalSection
	GlobalSection(SolutionProperties) = preSolution
		HideSolutionNode = FALSE
	EndGlobalSection
	GlobalSection(ExtensibilityGlobals) = postSolution
		SolutionGuid = {6BFAFED3-F787-48A4-BA67-313492E8E93B}
	EndGlobalSection
	GlobalSection(NestedProjects) = preSolution
		{45863129-9F24-439A-9198-02188D2A441B} = {0D14E793-3E4E-4AD6-90A7-EA54F5670827}
	EndGlobalSection
EndGlobal
